
Microsoft Visual Studio Solution File, Format Version 12.00
# Visual Studio Version 17
VisualStudioVersion = 17.1.32328.378
MinimumVisualStudioVersion = 10.0.40219.1
Project("{2150E333-8FDC-42A3-9474-1A3956D46DE8}") = "Services", "Services", "{D3B8A2D4-95B7-4133-9C1C-D409192CDCB5}"
EndProject
Project("{2150E333-8FDC-42A3-9474-1A3956D46DE8}") = "Catalog", "Catalog", "{3C297D38-F73C-480F-B2BD-A6A237756F8D}"
EndProject
Project("{9A19103F-16F7-4668-BE54-9A1E7A4F7556}") = "Catalog.API", "Services\Catalog\Catalog.API\Catalog.API.csproj", "{C5E782AA-D137-49BB-8F81-59AB7961CD46}"
EndProject
Project("{E53339B2-1760-4266-BCC7-CA923CBCF16C}") = "docker-compose", "docker-compose.dcproj", "{55D5FD65-0EA4-44C8-AC13-1E376619D2E5}"
EndProject
Project("{2150E333-8FDC-42A3-9474-1A3956D46DE8}") = "Basket", "Basket", "{74D88B5A-ACDD-4FF1-BC91-EFBB23C3967F}"
EndProject
Project("{FAE04EC0-301F-11D3-BF4B-00C04F79EFBC}") = "Basket.API", "Services\Basket\Basket.API\Basket.API.csproj", "{CD50E291-1F27-42FE-9B2B-1D15443B159F}"
EndProject
Project("{2150E333-8FDC-42A3-9474-1A3956D46DE8}") = "Discount", "Discount", "{8E8CFA45-69E4-4FA7-99F3-00C6B3CF473F}"
EndProject
Project("{FAE04EC0-301F-11D3-BF4B-00C04F79EFBC}") = "Discount.API", "Services\Discount\Discount.API\Discount.API.csproj", "{1EBA67C7-B5EC-41BD-9A49-A7C993B48E73}"
EndProject
Project("{FAE04EC0-301F-11D3-BF4B-00C04F79EFBC}") = "Discount.Grpc", "Services\Discount\Discount.Grpc\Discount.Grpc.csproj", "{769FF454-37FE-4B9D-850E-8C6624052707}"
EndProject
Global
	GlobalSection(SolutionConfigurationPlatforms) = preSolution
		Debug|Any CPU = Debug|Any CPU
		Release|Any CPU = Release|Any CPU
	EndGlobalSection
	GlobalSection(ProjectConfigurationPlatforms) = postSolution
		{C5E782AA-D137-49BB-8F81-59AB7961CD46}.Debug|Any CPU.ActiveCfg = Debug|Any CPU
		{C5E782AA-D137-49BB-8F81-59AB7961CD46}.Debug|Any CPU.Build.0 = Debug|Any CPU
		{C5E782AA-D137-49BB-8F81-59AB7961CD46}.Release|Any CPU.ActiveCfg = Release|Any CPU
		{C5E782AA-D137-49BB-8F81-59AB7961CD46}.Release|Any CPU.Build.0 = Release|Any CPU
		{55D5FD65-0EA4-44C8-AC13-1E376619D2E5}.Debug|Any CPU.ActiveCfg = Debug|Any CPU
		{55D5FD65-0EA4-44C8-AC13-1E376619D2E5}.Debug|Any CPU.Build.0 = Debug|Any CPU
		{55D5FD65-0EA4-44C8-AC13-1E376619D2E5}.Release|Any CPU.ActiveCfg = Release|Any CPU
		{55D5FD65-0EA4-44C8-AC13-1E376619D2E5}.Release|Any CPU.Build.0 = Release|Any CPU
		{CD50E291-1F27-42FE-9B2B-1D15443B159F}.Debug|Any CPU.ActiveCfg = Debug|Any CPU
		{CD50E291-1F27-42FE-9B2B-1D15443B159F}.Debug|Any CPU.Build.0 = Debug|Any CPU
		{CD50E291-1F27-42FE-9B2B-1D15443B159F}.Release|Any CPU.ActiveCfg = Release|Any CPU
		{CD50E291-1F27-42FE-9B2B-1D15443B159F}.Release|Any CPU.Build.0 = Release|Any CPU
		{1EBA67C7-B5EC-41BD-9A49-A7C993B48E73}.Debug|Any CPU.ActiveCfg = Debug|Any CPU
		{1EBA67C7-B5EC-41BD-9A49-A7C993B48E73}.Debug|Any CPU.Build.0 = Debug|Any CPU
		{1EBA67C7-B5EC-41BD-9A49-A7C993B48E73}.Release|Any CPU.ActiveCfg = Release|Any CPU
		{1EBA67C7-B5EC-41BD-9A49-A7C993B48E73}.Release|Any CPU.Build.0 = Release|Any CPU
		{769FF454-37FE-4B9D-850E-8C6624052707}.Debug|Any CPU.ActiveCfg = Debug|Any CPU
		{769FF454-37FE-4B9D-850E-8C6624052707}.Debug|Any CPU.Build.0 = Debug|Any CPU
		{769FF454-37FE-4B9D-850E-8C6624052707}.Release|Any CPU.ActiveCfg = Release|Any CPU
		{769FF454-37FE-4B9D-850E-8C6624052707}.Release|Any CPU.Build.0 = Release|Any CPU
	EndGlobalSection
	GlobalSection(SolutionProperties) = preSolution
		HideSolutionNode = FALSE
	EndGlobalSection
	GlobalSection(NestedProjects) = preSolution
		{3C297D38-F73C-480F-B2BD-A6A237756F8D} = {D3B8A2D4-95B7-4133-9C1C-D409192CDCB5}
		{C5E782AA-D137-49BB-8F81-59AB7961CD46} = {3C297D38-F73C-480F-B2BD-A6A237756F8D}
		{74D88B5A-ACDD-4FF1-BC91-EFBB23C3967F} = {D3B8A2D4-95B7-4133-9C1C-D409192CDCB5}
		{CD50E291-1F27-42FE-9B2B-1D15443B159F} = {74D88B5A-ACDD-4FF1-BC91-EFBB23C3967F}
		{8E8CFA45-69E4-4FA7-99F3-00C6B3CF473F} = {D3B8A2D4-95B7-4133-9C1C-D409192CDCB5}
		{1EBA67C7-B5EC-41BD-9A49-A7C993B48E73} = {8E8CFA45-69E4-4FA7-99F3-00C6B3CF473F}
		{769FF454-37FE-4B9D-850E-8C6624052707} = {8E8CFA45-69E4-4FA7-99F3-00C6B3CF473F}
	EndGlobalSection
	GlobalSection(ExtensibilityGlobals) = postSolution
		SolutionGuid = {CC81D995-6EA4-44E8-AB4F-12762B85E4A0}
	EndGlobalSection
EndGlobal
